
Microsoft Visual Studio Solution File, Format Version 12.00
# Visual Studio Version 16
VisualStudioVersion = 16.0.29102.190
MinimumVisualStudioVersion = 10.0.40219.1
Project("{2150E333-8FDC-42A3-9474-1A3956D46DE8}") = "src", "src", "{7003D095-08A1-4CEA-80E5-020D229C362B}"
EndProject
Project("{9A19103F-16F7-4668-BE54-9A1E7A4F7556}") = "Gobulk.API", "src\Gobulk.API\Gobulk.API.csproj", "{F5E7B17B-FBB8-403A-B077-61463B505C04}"
EndProject
Project("{9A19103F-16F7-4668-BE54-9A1E7A4F7556}") = "Gobulk.Core", "src\Gobulk.Core\Gobulk.Core.csproj", "{5DDB558A-BD6D-4828-873E-9254C0B16883}"
EndProject
Project("{9A19103F-16F7-4668-BE54-9A1E7A4F7556}") = "Gobulk.Data", "src\Gobulk.Data\Gobulk.Data.csproj", "{AC5B4B5F-36E4-4884-8904-104F6DC161AE}"
EndProject
Project("{9A19103F-16F7-4668-BE54-9A1E7A4F7556}") = "Gobulk.Service", "src\Gobulk.Service\Gobulk.Service.csproj", "{7C4EC66E-942D-49C5-BC14-AE58F1688D44}"
EndProject
Project("{9A19103F-16F7-4668-BE54-9A1E7A4F7556}") = "Gobulk.Web", "src\Gobulk.Web\Gobulk.Web.csproj", "{8BB4507C-6F4E-401A-8FB9-49E0C909AE35}"
EndProject
Project("{2150E333-8FDC-42A3-9474-1A3956D46DE8}") = "test", "test", "{FF48AC0E-BC27-4EBF-A7EF-B67000107748}"
EndProject
Project("{FAE04EC0-301F-11D3-BF4B-00C04F79EFBC}") = "Gobulk.Service.Tests", "test\Gobulk.Service.Tests\Gobulk.Service.Tests.csproj", "{7A33EEFC-0799-4A69-94F6-34FBD77C2EDF}"
EndProject
Global
	GlobalSection(SolutionConfigurationPlatforms) = preSolution
		Debug|Any CPU = Debug|Any CPU
		Release|Any CPU = Release|Any CPU
	EndGlobalSection
	GlobalSection(ProjectConfigurationPlatforms) = postSolution
		{F5E7B17B-FBB8-403A-B077-61463B505C04}.Debug|Any CPU.ActiveCfg = Debug|Any CPU
		{F5E7B17B-FBB8-403A-B077-61463B505C04}.Debug|Any CPU.Build.0 = Debug|Any CPU
		{F5E7B17B-FBB8-403A-B077-61463B505C04}.Release|Any CPU.ActiveCfg = Release|Any CPU
		{F5E7B17B-FBB8-403A-B077-61463B505C04}.Release|Any CPU.Build.0 = Release|Any CPU
		{5DDB558A-BD6D-4828-873E-9254C0B16883}.Debug|Any CPU.ActiveCfg = Debug|Any CPU
		{5DDB558A-BD6D-4828-873E-9254C0B16883}.Debug|Any CPU.Build.0 = Debug|Any CPU
		{5DDB558A-BD6D-4828-873E-9254C0B16883}.Release|Any CPU.ActiveCfg = Release|Any CPU
		{5DDB558A-BD6D-4828-873E-9254C0B16883}.Release|Any CPU.Build.0 = Release|Any CPU
		{AC5B4B5F-36E4-4884-8904-104F6DC161AE}.Debug|Any CPU.ActiveCfg = Debug|Any CPU
		{AC5B4B5F-36E4-4884-8904-104F6DC161AE}.Debug|Any CPU.Build.0 = Debug|Any CPU
		{AC5B4B5F-36E4-4884-8904-104F6DC161AE}.Release|Any CPU.ActiveCfg = Release|Any CPU
		{AC5B4B5F-36E4-4884-8904-104F6DC161AE}.Release|Any CPU.Build.0 = Release|Any CPU
		{7C4EC66E-942D-49C5-BC14-AE58F1688D44}.Debug|Any CPU.ActiveCfg = Debug|Any CPU
		{7C4EC66E-942D-49C5-BC14-AE58F1688D44}.Debug|Any CPU.Build.0 = Debug|Any CPU
		{7C4EC66E-942D-49C5-BC14-AE58F1688D44}.Release|Any CPU.ActiveCfg = Release|Any CPU
		{7C4EC66E-942D-49C5-BC14-AE58F1688D44}.Release|Any CPU.Build.0 = Release|Any CPU
		{8BB4507C-6F4E-401A-8FB9-49E0C909AE35}.Debug|Any CPU.ActiveCfg = Debug|Any CPU
		{8BB4507C-6F4E-401A-8FB9-49E0C909AE35}.Debug|Any CPU.Build.0 = Debug|Any CPU
		{8BB4507C-6F4E-401A-8FB9-49E0C909AE35}.Release|Any CPU.ActiveCfg = Release|Any CPU
		{8BB4507C-6F4E-401A-8FB9-49E0C909AE35}.Release|Any CPU.Build.0 = Release|Any CPU
		{7A33EEFC-0799-4A69-94F6-34FBD77C2EDF}.Debug|Any CPU.ActiveCfg = Debug|Any CPU
		{7A33EEFC-0799-4A69-94F6-34FBD77C2EDF}.Debug|Any CPU.Build.0 = Debug|Any CPU
		{7A33EEFC-0799-4A69-94F6-34FBD77C2EDF}.Release|Any CPU.ActiveCfg = Release|Any CPU
		{7A33EEFC-0799-4A69-94F6-34FBD77C2EDF}.Release|Any CPU.Build.0 = Release|Any CPU
	EndGlobalSection
	GlobalSection(SolutionProperties) = preSolution
		HideSolutionNode = FALSE
	EndGlobalSection
	GlobalSection(NestedProjects) = preSolution
		{F5E7B17B-FBB8-403A-B077-61463B505C04} = {7003D095-08A1-4CEA-80E5-020D229C362B}
		{5DDB558A-BD6D-4828-873E-9254C0B16883} = {7003D095-08A1-4CEA-80E5-020D229C362B}
		{AC5B4B5F-36E4-4884-8904-104F6DC161AE} = {7003D095-08A1-4CEA-80E5-020D229C362B}
		{7C4EC66E-942D-49C5-BC14-AE58F1688D44} = {7003D095-08A1-4CEA-80E5-020D229C362B}
		{8BB4507C-6F4E-401A-8FB9-49E0C909AE35} = {7003D095-08A1-4CEA-80E5-020D229C362B}
		{7A33EEFC-0799-4A69-94F6-34FBD77C2EDF} = {FF48AC0E-BC27-4EBF-A7EF-B67000107748}
	EndGlobalSection
	GlobalSection(ExtensibilityGlobals) = postSolution
		SolutionGuid = {AAEC2F52-D1CE-4AB4-9FB4-A728EB178534}
	EndGlobalSection
EndGlobal
